
Microsoft Visual Studio Solution File, Format Version 12.00
# Visual Studio 14
VisualStudioVersion = 14.0.25420.1
MinimumVisualStudioVersion = 10.0.40219.1
Project("{FAE04EC0-301F-11D3-BF4B-00C04F79EFBC}") = "Beanfun", "Beanfun\Beanfun.csproj", "{4B2F8D03-0C8F-4BAA-810D-DCACC37F5F87}"
EndProject
Project("{FAE04EC0-301F-11D3-BF4B-00C04F79EFBC}") = "BFUpdater", "BFUpdater\BFUpdater.csproj", "{EB193733-8241-4AD2-88DD-419A07516F8D}"
EndProject
Global
	GlobalSection(SolutionConfigurationPlatforms) = preSolution
		Debug|Any CPU = Debug|Any CPU
		Release|Any CPU = Release|Any CPU
	EndGlobalSection
	GlobalSection(ProjectConfigurationPlatforms) = postSolution
		{4B2F8D03-0C8F-4BAA-810D-DCACC37F5F87}.Debug|Any CPU.ActiveCfg = Debug|Any CPU
		{4B2F8D03-0C8F-4BAA-810D-DCACC37F5F87}.Debug|Any CPU.Build.0 = Debug|Any CPU
		{4B2F8D03-0C8F-4BAA-810D-DCACC37F5F87}.Release|Any CPU.ActiveCfg = Release|Any CPU
		{4B2F8D03-0C8F-4BAA-810D-DCACC37F5F87}.Release|Any CPU.Build.0 = Release|Any CPU
		{EB193733-8241-4AD2-88DD-419A07516F8D}.Debug|Any CPU.ActiveCfg = Debug|Any CPU
		{EB193733-8241-4AD2-88DD-419A07516F8D}.Debug|Any CPU.Build.0 = Debug|Any CPU
		{EB193733-8241-4AD2-88DD-419A07516F8D}.Release|Any CPU.ActiveCfg = Release|Any CPU
		{EB193733-8241-4AD2-88DD-419A07516F8D}.Release|Any CPU.Build.0 = Release|Any CPU
	EndGlobalSection
	GlobalSection(SolutionProperties) = preSolution
		HideSolutionNode = FALSE
	EndGlobalSection
	GlobalSection(ExtensibilityGlobals) = postSolution
		SolutionGuid = {D9F17966-B29B-4926-8EAD-44C6445E3565}
	EndGlobalSection
EndGlobal
