
Microsoft Visual Studio Solution File, Format Version 12.00
# Visual Studio Version 17
VisualStudioVersion = 17.1.32210.238
MinimumVisualStudioVersion = 10.0.40219.1
Project("{FAE04EC0-301F-11D3-BF4B-00C04F79EFBC}") = "Beanfun", "Beanfun\Beanfun.csproj", "{4B2F8D03-0C8F-4BAA-810D-DCACC37F5F87}"
	ProjectSection(ProjectDependencies) = postProject
		{3FDFCBAA-531E-45D5-90F5-D54D83F5B4BA} = {3FDFCBAA-531E-45D5-90F5-D54D83F5B4BA}
	EndProjectSection
EndProject
Project("{8BC9CEB8-8B4A-11D0-8D11-00A0C91BC942}") = "LRProc", "LRProc\LRProc.vcxproj", "{3FDFCBAA-531E-45D5-90F5-D54D83F5B4BA}"
EndProject
Global
	GlobalSection(SolutionConfigurationPlatforms) = preSolution
		Debug|Any CPU = Debug|Any CPU
		Debug|x64 = Debug|x64
		Debug|x86 = Debug|x86
		Release|Any CPU = Release|Any CPU
		Release|x64 = Release|x64
		Release|x86 = Release|x86
	EndGlobalSection
	GlobalSection(ProjectConfigurationPlatforms) = postSolution
		{4B2F8D03-0C8F-4BAA-810D-DCACC37F5F87}.Debug|Any CPU.ActiveCfg = Debug|Any CPU
		{4B2F8D03-0C8F-4BAA-810D-DCACC37F5F87}.Debug|Any CPU.Build.0 = Debug|Any CPU
		{4B2F8D03-0C8F-4BAA-810D-DCACC37F5F87}.Debug|x64.ActiveCfg = Debug|x64
		{4B2F8D03-0C8F-4BAA-810D-DCACC37F5F87}.Debug|x64.Build.0 = Debug|x64
		{4B2F8D03-0C8F-4BAA-810D-DCACC37F5F87}.Debug|x86.ActiveCfg = Debug|Win32
		{4B2F8D03-0C8F-4BAA-810D-DCACC37F5F87}.Debug|x86.Build.0 = Debug|Win32
		{4B2F8D03-0C8F-4BAA-810D-DCACC37F5F87}.Release|Any CPU.ActiveCfg = Release|Any CPU
		{4B2F8D03-0C8F-4BAA-810D-DCACC37F5F87}.Release|Any CPU.Build.0 = Release|Any CPU
		{4B2F8D03-0C8F-4BAA-810D-DCACC37F5F87}.Release|x64.ActiveCfg = Release|x64
		{4B2F8D03-0C8F-4BAA-810D-DCACC37F5F87}.Release|x64.Build.0 = Release|x64
		{4B2F8D03-0C8F-4BAA-810D-DCACC37F5F87}.Release|x86.ActiveCfg = Release|Win32
		{4B2F8D03-0C8F-4BAA-810D-DCACC37F5F87}.Release|x86.Build.0 = Release|Win32
		{3FDFCBAA-531E-45D5-90F5-D54D83F5B4BA}.Debug|Any CPU.ActiveCfg = Debug|Win32
		{3FDFCBAA-531E-45D5-90F5-D54D83F5B4BA}.Debug|Any CPU.Build.0 = Debug|Win32
		{3FDFCBAA-531E-45D5-90F5-D54D83F5B4BA}.Debug|x64.ActiveCfg = Debug|x64
		{3FDFCBAA-531E-45D5-90F5-D54D83F5B4BA}.Debug|x64.Build.0 = Debug|x64
		{3FDFCBAA-531E-45D5-90F5-D54D83F5B4BA}.Debug|x86.ActiveCfg = Debug|Win32
		{3FDFCBAA-531E-45D5-90F5-D54D83F5B4BA}.Debug|x86.Build.0 = Debug|Win32
		{3FDFCBAA-531E-45D5-90F5-D54D83F5B4BA}.Release|Any CPU.ActiveCfg = Release|Win32
		{3FDFCBAA-531E-45D5-90F5-D54D83F5B4BA}.Release|Any CPU.Build.0 = Release|Win32
		{3FDFCBAA-531E-45D5-90F5-D54D83F5B4BA}.Release|x64.ActiveCfg = Release|x64
		{3FDFCBAA-531E-45D5-90F5-D54D83F5B4BA}.Release|x64.Build.0 = Release|x64
		{3FDFCBAA-531E-45D5-90F5-D54D83F5B4BA}.Release|x86.ActiveCfg = Release|Win32
		{3FDFCBAA-531E-45D5-90F5-D54D83F5B4BA}.Release|x86.Build.0 = Release|Win32
	EndGlobalSection
	GlobalSection(SolutionProperties) = preSolution
		HideSolutionNode = FALSE
	EndGlobalSection
	GlobalSection(ExtensibilityGlobals) = postSolution
		SolutionGuid = {D9F17966-B29B-4926-8EAD-44C6445E3565}
	EndGlobalSection
EndGlobal
